speakeasyVersion: 1.708.2
sources:
    Cribl API Reference:
        sourceNamespace: cribl-api-reference
        sourceRevisionDigest: sha256:254b1bc9ee986a8770054b84336879e9f0fe339f45b0aec26b52c904042a01c8
        sourceBlobDigest: sha256:1bcf1d77381df7e1d759bdad002aa87db3fa21d702a7d9127c7e2ce3bfcaba7e
        tags:
            - latest
            - speakeasy-sdk-regen-openapi-prerelease-1770551267
            - 4.17.0-alpha.1770550967739-c021428f
targets:
    cribl-control-plane:
        source: Cribl API Reference
        sourceNamespace: cribl-api-reference
        sourceRevisionDigest: sha256:254b1bc9ee986a8770054b84336879e9f0fe339f45b0aec26b52c904042a01c8
        sourceBlobDigest: sha256:1bcf1d77381df7e1d759bdad002aa87db3fa21d702a7d9127c7e2ce3bfcaba7e
        codeSamplesNamespace: cribl-api-reference-python-code-samples
        codeSamplesRevisionDigest: sha256:6caa330e3c54767869456751448f59c1d40c40d3a1207764572d8801de3aac94
workflow:
    workflowVersion: 1.0.0
    speakeasyVersion: 1.708.2
    sources:
        Cribl API Reference:
            inputs:
                - location: https://raw.githubusercontent.com/criblio/cribl-openapi-spec/main/specs/control-plane-prerelease.yml
            output: .speakeasy/out.openapi.yaml
            registry:
                location: registry.speakeasyapi.dev/cribl/cribl/cribl-api-reference
    targets:
        cribl-control-plane:
            target: python
            source: Cribl API Reference
            publish:
                pypi:
                    token: $pypi_token
            codeSamples:
                registry:
                    location: registry.speakeasyapi.dev/cribl/cribl/cribl-api-reference-python-code-samples
                labelOverride:
                    fixedValue: Python (SDK)
                blocking: false
            testing:
                enabled: false
