speakeasyVersion: 1.697.5
sources:
    Cribl API Reference:
        sourceNamespace: cribl-api-reference
        sourceRevisionDigest: sha256:e87e36ee780c0fac8cf827bf250f949af2db9fa41d7ac29d8611c1cf0c063b61
        sourceBlobDigest: sha256:c56ef7f604e68189a91c195740d6cc8937722a9a61b721260830066c319c986a
        tags:
            - latest
            - speakeasy-sdk-regen-1769908928
            - 4.16.1-20904e45
targets:
    cribl-control-plane:
        source: Cribl API Reference
        sourceNamespace: cribl-api-reference
        sourceRevisionDigest: sha256:e87e36ee780c0fac8cf827bf250f949af2db9fa41d7ac29d8611c1cf0c063b61
        sourceBlobDigest: sha256:c56ef7f604e68189a91c195740d6cc8937722a9a61b721260830066c319c986a
        codeSamplesNamespace: cribl-api-reference-python-code-samples
        codeSamplesRevisionDigest: sha256:4855de3ca00b3d2d3709820d5cceaf8eb341d1b88318aa7e7e96d180206b42b7
workflow:
    workflowVersion: 1.0.0
    speakeasyVersion: 1.697.5
    sources:
        Cribl API Reference:
            inputs:
                - location: https://raw.githubusercontent.com/criblio/cribl-openapi-spec/main/specs/control-plane.yml
            output: .speakeasy/out.openapi.yaml
            registry:
                location: registry.speakeasyapi.dev/cribl/cribl/cribl-api-reference
    targets:
        cribl-control-plane:
            target: python
            source: Cribl API Reference
            publish:
                pypi:
                    token: $pypi_token
            codeSamples:
                registry:
                    location: registry.speakeasyapi.dev/cribl/cribl/cribl-api-reference-python-code-samples
                labelOverride:
                    fixedValue: Python (SDK)
                blocking: false
            testing:
                enabled: false
