speakeasyVersion: 1.761.5
sources:
    Cribl API Reference:
        sourceNamespace: cribl-api-reference
        sourceRevisionDigest: sha256:d49d40574978ee74b778539e6b80e3d308801dae2d0dd16731fb02c28df5e2b4
        sourceBlobDigest: sha256:ff5232cf5631b9e67533fdf8c129a34d2e67c5ea484ac1d31dc514017921ea73
        tags:
            - latest
            - 4.18.0-alpha.1776294249059-ff20b5d4
targets:
    cribl-control-plane:
        source: Cribl API Reference
        sourceNamespace: cribl-api-reference
        sourceRevisionDigest: sha256:d49d40574978ee74b778539e6b80e3d308801dae2d0dd16731fb02c28df5e2b4
        sourceBlobDigest: sha256:ff5232cf5631b9e67533fdf8c129a34d2e67c5ea484ac1d31dc514017921ea73
        codeSamplesNamespace: cribl-api-reference-python-code-samples
        codeSamplesRevisionDigest: sha256:2eddc22d2efab35399a62b2a16239ec27034a2fc2235d46272f5ee3e42287462
workflow:
    workflowVersion: 1.0.0
    speakeasyVersion: 1.761.5
    sources:
        Cribl API Reference:
            inputs:
                - location: https://raw.githubusercontent.com/criblio/cribl-openapi-spec/main/specs/control-plane-dev.yml
            output: .speakeasy/out.openapi.yaml
            registry:
                location: registry.speakeasyapi.dev/cribl/cribl/cribl-api-reference
    targets:
        cribl-control-plane:
            target: python
            source: Cribl API Reference
            publish:
                pypi:
                    token: $pypi_token
            codeSamples:
                registry:
                    location: registry.speakeasyapi.dev/cribl/cribl/cribl-api-reference-python-code-samples
                labelOverride:
                    fixedValue: Python (SDK)
                blocking: false
            testing:
                enabled: false
